
Microsoft Visual Studio Solution File, Format Version 12.00
# Visual Studio Version 17
VisualStudioVersion = 17.0.32014.148
MinimumVisualStudioVersion = 10.0.40219.1
Project("{FAE04EC0-301F-11D3-BF4B-00C04F79EFBC}") = "ImmersiveEducationSystem.UWP", "ImmersiveEducationSystem.UWP\ImmersiveEducationSystem.UWP.csproj", "{1AF23FC3-8012-4AC6-8958-1F50537C910D}"
EndProject
Project("{FAE04EC0-301F-11D3-BF4B-00C04F79EFBC}") = "ImmersiveEducationSystem.Android", "ImmersiveEducationSystem.Android\ImmersiveEducationSystem.Android.csproj", "{27B0B14E-8D64-4BB9-8C28-913E5A259CB7}"
EndProject
Project("{FAE04EC0-301F-11D3-BF4B-00C04F79EFBC}") = "ImmersiveEducationSystem.iOS", "ImmersiveEducationSystem.iOS\ImmersiveEducationSystem.iOS.csproj", "{065B6A76-CE93-47E4-B370-FD97CFF6C87C}"
EndProject
Project("{9A19103F-16F7-4668-BE54-9A1E7A4F7556}") = "ImmersiveEducationSystem", "ImmersiveEducationSystem\ImmersiveEducationSystem.csproj", "{F3D84534-12E6-4EE6-9B34-A9B72DBBEF0E}"
EndProject
Project("{9A19103F-16F7-4668-BE54-9A1E7A4F7556}") = "ImmersiveEducationSystem.AzureStorage", "ImmersiveEducationSystem.AzureStorage\ImmersiveEducationSystem.AzureStorage.csproj", "{ACA63BF9-8C74-49FF-9593-1B2F8C004BA8}"
EndProject
Global
	GlobalSection(SolutionConfigurationPlatforms) = preSolution
		Debug|Any CPU = Debug|Any CPU
		Debug|ARM = Debug|ARM
		Debug|iPhone = Debug|iPhone
		Debug|iPhoneSimulator = Debug|iPhoneSimulator
		Debug|x64 = Debug|x64
		Debug|x86 = Debug|x86
		Release|Any CPU = Release|Any CPU
		Release|ARM = Release|ARM
		Release|iPhone = Release|iPhone
		Release|iPhoneSimulator = Release|iPhoneSimulator
		Release|x64 = Release|x64
		Release|x86 = Release|x86
	EndGlobalSection
	GlobalSection(ProjectConfigurationPlatforms) = postSolution
		{1AF23FC3-8012-4AC6-8958-1F50537C910D}.Debug|Any CPU.ActiveCfg = Debug|x64
		{1AF23FC3-8012-4AC6-8958-1F50537C910D}.Debug|Any CPU.Build.0 = Debug|x64
		{1AF23FC3-8012-4AC6-8958-1F50537C910D}.Debug|Any CPU.Deploy.0 = Debug|x64
		{1AF23FC3-8012-4AC6-8958-1F50537C910D}.Debug|ARM.ActiveCfg = Debug|ARM
		{1AF23FC3-8012-4AC6-8958-1F50537C910D}.Debug|ARM.Build.0 = Debug|ARM
		{1AF23FC3-8012-4AC6-8958-1F50537C910D}.Debug|ARM.Deploy.0 = Debug|ARM
		{1AF23FC3-8012-4AC6-8958-1F50537C910D}.Debug|iPhone.ActiveCfg = Debug|x64
		{1AF23FC3-8012-4AC6-8958-1F50537C910D}.Debug|iPhone.Build.0 = Debug|x64
		{1AF23FC3-8012-4AC6-8958-1F50537C910D}.Debug|iPhone.Deploy.0 = Debug|x64
		{1AF23FC3-8012-4AC6-8958-1F50537C910D}.Debug|iPhoneSimulator.ActiveCfg = Debug|x64
		{1AF23FC3-8012-4AC6-8958-1F50537C910D}.Debug|iPhoneSimulator.Build.0 = Debug|x64
		{1AF23FC3-8012-4AC6-8958-1F50537C910D}.Debug|iPhoneSimulator.Deploy.0 = Debug|x64
		{1AF23FC3-8012-4AC6-8958-1F50537C910D}.Debug|x64.ActiveCfg = Debug|x64
		{1AF23FC3-8012-4AC6-8958-1F50537C910D}.Debug|x64.Build.0 = Debug|x64
		{1AF23FC3-8012-4AC6-8958-1F50537C910D}.Debug|x64.Deploy.0 = Debug|x64
		{1AF23FC3-8012-4AC6-8958-1F50537C910D}.Debug|x86.ActiveCfg = Debug|x86
		{1AF23FC3-8012-4AC6-8958-1F50537C910D}.Debug|x86.Build.0 = Debug|x86
		{1AF23FC3-8012-4AC6-8958-1F50537C910D}.Debug|x86.Deploy.0 = Debug|x86
		{1AF23FC3-8012-4AC6-8958-1F50537C910D}.Release|Any CPU.ActiveCfg = Release|x64
		{1AF23FC3-8012-4AC6-8958-1F50537C910D}.Release|Any CPU.Build.0 = Release|x64
		{1AF23FC3-8012-4AC6-8958-1F50537C910D}.Release|Any CPU.Deploy.0 = Release|x64
		{1AF23FC3-8012-4AC6-8958-1F50537C910D}.Release|ARM.ActiveCfg = Release|ARM
		{1AF23FC3-8012-4AC6-8958-1F50537C910D}.Release|ARM.Build.0 = Release|ARM
		{1AF23FC3-8012-4AC6-8958-1F50537C910D}.Release|ARM.Deploy.0 = Release|ARM
		{1AF23FC3-8012-4AC6-8958-1F50537C910D}.Release|iPhone.ActiveCfg = Release|x64
		{1AF23FC3-8012-4AC6-8958-1F50537C910D}.Release|iPhone.Build.0 = Release|x64
		{1AF23FC3-8012-4AC6-8958-1F50537C910D}.Release|iPhone.Deploy.0 = Release|x64
		{1AF23FC3-8012-4AC6-8958-1F50537C910D}.Release|iPhoneSimulator.ActiveCfg = Release|x64
		{1AF23FC3-8012-4AC6-8958-1F50537C910D}.Release|iPhoneSimulator.Build.0 = Release|x64
		{1AF23FC3-8012-4AC6-8958-1F50537C910D}.Release|iPhoneSimulator.Deploy.0 = Release|x64
		{1AF23FC3-8012-4AC6-8958-1F50537C910D}.Release|x64.ActiveCfg = Release|x64
		{1AF23FC3-8012-4AC6-8958-1F50537C910D}.Release|x64.Build.0 = Release|x64
		{1AF23FC3-8012-4AC6-8958-1F50537C910D}.Release|x64.Deploy.0 = Release|x64
		{1AF23FC3-8012-4AC6-8958-1F50537C910D}.Release|x86.ActiveCfg = Release|x86
		{1AF23FC3-8012-4AC6-8958-1F50537C910D}.Release|x86.Build.0 = Release|x86
		{1AF23FC3-8012-4AC6-8958-1F50537C910D}.Release|x86.Deploy.0 = Release|x86
		{27B0B14E-8D64-4BB9-8C28-913E5A259CB7}.Debug|Any CPU.ActiveCfg = Debug|Any CPU
		{27B0B14E-8D64-4BB9-8C28-913E5A259CB7}.Debug|Any CPU.Build.0 = Debug|Any CPU
		{27B0B14E-8D64-4BB9-8C28-913E5A259CB7}.Debug|Any CPU.Deploy.0 = Debug|Any CPU
		{27B0B14E-8D64-4BB9-8C28-913E5A259CB7}.Debug|ARM.ActiveCfg = Debug|Any CPU
		{27B0B14E-8D64-4BB9-8C28-913E5A259CB7}.Debug|ARM.Build.0 = Debug|Any CPU
		{27B0B14E-8D64-4BB9-8C28-913E5A259CB7}.Debug|ARM.Deploy.0 = Debug|Any CPU
		{27B0B14E-8D64-4BB9-8C28-913E5A259CB7}.Debug|iPhone.ActiveCfg = Debug|Any CPU
		{27B0B14E-8D64-4BB9-8C28-913E5A259CB7}.Debug|iPhone.Build.0 = Debug|Any CPU
		{27B0B14E-8D64-4BB9-8C28-913E5A259CB7}.Debug|iPhone.Deploy.0 = Debug|Any CPU
		{27B0B14E-8D64-4BB9-8C28-913E5A259CB7}.Debug|iPhoneSimulator.ActiveCfg = Debug|Any CPU
		{27B0B14E-8D64-4BB9-8C28-913E5A259CB7}.Debug|iPhoneSimulator.Build.0 = Debug|Any CPU
		{27B0B14E-8D64-4BB9-8C28-913E5A259CB7}.Debug|iPhoneSimulator.Deploy.0 = Debug|Any CPU
		{27B0B14E-8D64-4BB9-8C28-913E5A259CB7}.Debug|x64.ActiveCfg = Debug|Any CPU
		{27B0B14E-8D64-4BB9-8C28-913E5A259CB7}.Debug|x64.Build.0 = Debug|Any CPU
		{27B0B14E-8D64-4BB9-8C28-913E5A259CB7}.Debug|x64.Deploy.0 = Debug|Any CPU
		{27B0B14E-8D64-4BB9-8C28-913E5A259CB7}.Debug|x86.ActiveCfg = Debug|Any CPU
		{27B0B14E-8D64-4BB9-8C28-913E5A259CB7}.Debug|x86.Build.0 = Debug|Any CPU
		{27B0B14E-8D64-4BB9-8C28-913E5A259CB7}.Debug|x86.Deploy.0 = Debug|Any CPU
		{27B0B14E-8D64-4BB9-8C28-913E5A259CB7}.Release|Any CPU.ActiveCfg = Release|Any CPU
		{27B0B14E-8D64-4BB9-8C28-913E5A259CB7}.Release|Any CPU.Build.0 = Release|Any CPU
		{27B0B14E-8D64-4BB9-8C28-913E5A259CB7}.Release|Any CPU.Deploy.0 = Release|Any CPU
		{27B0B14E-8D64-4BB9-8C28-913E5A259CB7}.Release|ARM.ActiveCfg = Release|Any CPU
		{27B0B14E-8D64-4BB9-8C28-913E5A259CB7}.Release|ARM.Build.0 = Release|Any CPU
		{27B0B14E-8D64-4BB9-8C28-913E5A259CB7}.Release|ARM.Deploy.0 = Release|Any CPU
		{27B0B14E-8D64-4BB9-8C28-913E5A259CB7}.Release|iPhone.ActiveCfg = Release|Any CPU
		{27B0B14E-8D64-4BB9-8C28-913E5A259CB7}.Release|iPhone.Build.0 = Release|Any CPU
		{27B0B14E-8D64-4BB9-8C28-913E5A259CB7}.Release|iPhone.Deploy.0 = Release|Any CPU
		{27B0B14E-8D64-4BB9-8C28-913E5A259CB7}.Release|iPhoneSimulator.ActiveCfg = Release|Any CPU
		{27B0B14E-8D64-4BB9-8C28-913E5A259CB7}.Release|iPhoneSimulator.Build.0 = Release|Any CPU
		{27B0B14E-8D64-4BB9-8C28-913E5A259CB7}.Release|iPhoneSimulator.Deploy.0 = Release|Any CPU
		{27B0B14E-8D64-4BB9-8C28-913E5A259CB7}.Release|x64.ActiveCfg = Release|Any CPU
		{27B0B14E-8D64-4BB9-8C28-913E5A259CB7}.Release|x64.Build.0 = Release|Any CPU
		{27B0B14E-8D64-4BB9-8C28-913E5A259CB7}.Release|x64.Deploy.0 = Release|Any CPU
		{27B0B14E-8D64-4BB9-8C28-913E5A259CB7}.Release|x86.ActiveCfg = Release|Any CPU
		{27B0B14E-8D64-4BB9-8C28-913E5A259CB7}.Release|x86.Build.0 = Release|Any CPU
		{27B0B14E-8D64-4BB9-8C28-913E5A259CB7}.Release|x86.Deploy.0 = Release|Any CPU
		{065B6A76-CE93-47E4-B370-FD97CFF6C87C}.Debug|Any CPU.ActiveCfg = Debug|iPhoneSimulator
		{065B6A76-CE93-47E4-B370-FD97CFF6C87C}.Debug|Any CPU.Build.0 = Debug|iPhoneSimulator
		{065B6A76-CE93-47E4-B370-FD97CFF6C87C}.Debug|Any CPU.Deploy.0 = Debug|iPhoneSimulator
		{065B6A76-CE93-47E4-B370-FD97CFF6C87C}.Debug|ARM.ActiveCfg = Debug|iPhoneSimulator
		{065B6A76-CE93-47E4-B370-FD97CFF6C87C}.Debug|ARM.Build.0 = Debug|iPhoneSimulator
		{065B6A76-CE93-47E4-B370-FD97CFF6C87C}.Debug|ARM.Deploy.0 = Debug|iPhoneSimulator
		{065B6A76-CE93-47E4-B370-FD97CFF6C87C}.Debug|iPhone.ActiveCfg = Debug|iPhone
		{065B6A76-CE93-47E4-B370-FD97CFF6C87C}.Debug|iPhone.Build.0 = Debug|iPhone
		{065B6A76-CE93-47E4-B370-FD97CFF6C87C}.Debug|iPhone.Deploy.0 = Debug|iPhone
		{065B6A76-CE93-47E4-B370-FD97CFF6C87C}.Debug|iPhoneSimulator.ActiveCfg = Debug|iPhoneSimulator
		{065B6A76-CE93-47E4-B370-FD97CFF6C87C}.Debug|iPhoneSimulator.Build.0 = Debug|iPhoneSimulator
		{065B6A76-CE93-47E4-B370-FD97CFF6C87C}.Debug|iPhoneSimulator.Deploy.0 = Debug|iPhoneSimulator
		{065B6A76-CE93-47E4-B370-FD97CFF6C87C}.Debug|x64.ActiveCfg = Debug|iPhone
		{065B6A76-CE93-47E4-B370-FD97CFF6C87C}.Debug|x64.Build.0 = Debug|iPhone
		{065B6A76-CE93-47E4-B370-FD97CFF6C87C}.Debug|x64.Deploy.0 = Debug|iPhone
		{065B6A76-CE93-47E4-B370-FD97CFF6C87C}.Debug|x86.ActiveCfg = Debug|iPhoneSimulator
		{065B6A76-CE93-47E4-B370-FD97CFF6C87C}.Debug|x86.Build.0 = Debug|iPhoneSimulator
		{065B6A76-CE93-47E4-B370-FD97CFF6C87C}.Debug|x86.Deploy.0 = Debug|iPhoneSimulator
		{065B6A76-CE93-47E4-B370-FD97CFF6C87C}.Release|Any CPU.ActiveCfg = Release|iPhoneSimulator
		{065B6A76-CE93-47E4-B370-FD97CFF6C87C}.Release|Any CPU.Build.0 = Release|iPhoneSimulator
		{065B6A76-CE93-47E4-B370-FD97CFF6C87C}.Release|Any CPU.Deploy.0 = Release|iPhoneSimulator
		{065B6A76-CE93-47E4-B370-FD97CFF6C87C}.Release|ARM.ActiveCfg = Release|iPhoneSimulator
		{065B6A76-CE93-47E4-B370-FD97CFF6C87C}.Release|ARM.Build.0 = Release|iPhoneSimulator
		{065B6A76-CE93-47E4-B370-FD97CFF6C87C}.Release|ARM.Deploy.0 = Release|iPhoneSimulator
		{065B6A76-CE93-47E4-B370-FD97CFF6C87C}.Release|iPhone.ActiveCfg = Release|iPhone
		{065B6A76-CE93-47E4-B370-FD97CFF6C87C}.Release|iPhone.Build.0 = Release|iPhone
		{065B6A76-CE93-47E4-B370-FD97CFF6C87C}.Release|iPhone.Deploy.0 = Release|iPhone
		{065B6A76-CE93-47E4-B370-FD97CFF6C87C}.Release|iPhoneSimulator.ActiveCfg = Release|iPhoneSimulator
		{065B6A76-CE93-47E4-B370-FD97CFF6C87C}.Release|iPhoneSimulator.Build.0 = Release|iPhoneSimulator
		{065B6A76-CE93-47E4-B370-FD97CFF6C87C}.Release|iPhoneSimulator.Deploy.0 = Release|iPhoneSimulator
		{065B6A76-CE93-47E4-B370-FD97CFF6C87C}.Release|x64.ActiveCfg = Release|iPhoneSimulator
		{065B6A76-CE93-47E4-B370-FD97CFF6C87C}.Release|x64.Build.0 = Release|iPhoneSimulator
		{065B6A76-CE93-47E4-B370-FD97CFF6C87C}.Release|x64.Deploy.0 = Release|iPhoneSimulator
		{065B6A76-CE93-47E4-B370-FD97CFF6C87C}.Release|x86.ActiveCfg = Release|iPhoneSimulator
		{065B6A76-CE93-47E4-B370-FD97CFF6C87C}.Release|x86.Build.0 = Release|iPhoneSimulator
		{065B6A76-CE93-47E4-B370-FD97CFF6C87C}.Release|x86.Deploy.0 = Release|iPhoneSimulator
		{F3D84534-12E6-4EE6-9B34-A9B72DBBEF0E}.Debug|Any CPU.ActiveCfg = Debug|Any CPU
		{F3D84534-12E6-4EE6-9B34-A9B72DBBEF0E}.Debug|Any CPU.Build.0 = Debug|Any CPU
		{F3D84534-12E6-4EE6-9B34-A9B72DBBEF0E}.Debug|Any CPU.Deploy.0 = Debug|Any CPU
		{F3D84534-12E6-4EE6-9B34-A9B72DBBEF0E}.Debug|ARM.ActiveCfg = Debug|Any CPU
		{F3D84534-12E6-4EE6-9B34-A9B72DBBEF0E}.Debug|ARM.Build.0 = Debug|Any CPU
		{F3D84534-12E6-4EE6-9B34-A9B72DBBEF0E}.Debug|ARM.Deploy.0 = Debug|Any CPU
		{F3D84534-12E6-4EE6-9B34-A9B72DBBEF0E}.Debug|iPhone.ActiveCfg = Debug|Any CPU
		{F3D84534-12E6-4EE6-9B34-A9B72DBBEF0E}.Debug|iPhone.Build.0 = Debug|Any CPU
		{F3D84534-12E6-4EE6-9B34-A9B72DBBEF0E}.Debug|iPhone.Deploy.0 = Debug|Any CPU
		{F3D84534-12E6-4EE6-9B34-A9B72DBBEF0E}.Debug|iPhoneSimulator.ActiveCfg = Debug|Any CPU
		{F3D84534-12E6-4EE6-9B34-A9B72DBBEF0E}.Debug|iPhoneSimulator.Build.0 = Debug|Any CPU
		{F3D84534-12E6-4EE6-9B34-A9B72DBBEF0E}.Debug|iPhoneSimulator.Deploy.0 = Debug|Any CPU
		{F3D84534-12E6-4EE6-9B34-A9B72DBBEF0E}.Debug|x64.ActiveCfg = Debug|Any CPU
		{F3D84534-12E6-4EE6-9B34-A9B72DBBEF0E}.Debug|x64.Build.0 = Debug|Any CPU
		{F3D84534-12E6-4EE6-9B34-A9B72DBBEF0E}.Debug|x64.Deploy.0 = Debug|Any CPU
		{F3D84534-12E6-4EE6-9B34-A9B72DBBEF0E}.Debug|x86.ActiveCfg = Debug|Any CPU
		{F3D84534-12E6-4EE6-9B34-A9B72DBBEF0E}.Debug|x86.Build.0 = Debug|Any CPU
		{F3D84534-12E6-4EE6-9B34-A9B72DBBEF0E}.Debug|x86.Deploy.0 = Debug|Any CPU
		{F3D84534-12E6-4EE6-9B34-A9B72DBBEF0E}.Release|Any CPU.ActiveCfg = Release|Any CPU
		{F3D84534-12E6-4EE6-9B34-A9B72DBBEF0E}.Release|Any CPU.Build.0 = Release|Any CPU
		{F3D84534-12E6-4EE6-9B34-A9B72DBBEF0E}.Release|Any CPU.Deploy.0 = Release|Any CPU
		{F3D84534-12E6-4EE6-9B34-A9B72DBBEF0E}.Release|ARM.ActiveCfg = Release|Any CPU
		{F3D84534-12E6-4EE6-9B34-A9B72DBBEF0E}.Release|ARM.Build.0 = Release|Any CPU
		{F3D84534-12E6-4EE6-9B34-A9B72DBBEF0E}.Release|ARM.Deploy.0 = Release|Any CPU
		{F3D84534-12E6-4EE6-9B34-A9B72DBBEF0E}.Release|iPhone.ActiveCfg = Release|Any CPU
		{F3D84534-12E6-4EE6-9B34-A9B72DBBEF0E}.Release|iPhone.Build.0 = Release|Any CPU
		{F3D84534-12E6-4EE6-9B34-A9B72DBBEF0E}.Release|iPhone.Deploy.0 = Release|Any CPU
		{F3D84534-12E6-4EE6-9B34-A9B72DBBEF0E}.Release|iPhoneSimulator.ActiveCfg = Release|Any CPU
		{F3D84534-12E6-4EE6-9B34-A9B72DBBEF0E}.Release|iPhoneSimulator.Build.0 = Release|Any CPU
		{F3D84534-12E6-4EE6-9B34-A9B72DBBEF0E}.Release|iPhoneSimulator.Deploy.0 = Release|Any CPU
		{F3D84534-12E6-4EE6-9B34-A9B72DBBEF0E}.Release|x64.ActiveCfg = Release|Any CPU
		{F3D84534-12E6-4EE6-9B34-A9B72DBBEF0E}.Release|x64.Build.0 = Release|Any CPU
		{F3D84534-12E6-4EE6-9B34-A9B72DBBEF0E}.Release|x64.Deploy.0 = Release|Any CPU
		{F3D84534-12E6-4EE6-9B34-A9B72DBBEF0E}.Release|x86.ActiveCfg = Release|Any CPU
		{F3D84534-12E6-4EE6-9B34-A9B72DBBEF0E}.Release|x86.Build.0 = Release|Any CPU
		{F3D84534-12E6-4EE6-9B34-A9B72DBBEF0E}.Release|x86.Deploy.0 = Release|Any CPU
		{ACA63BF9-8C74-49FF-9593-1B2F8C004BA8}.Debug|Any CPU.ActiveCfg = Debug|Any CPU
		{ACA63BF9-8C74-49FF-9593-1B2F8C004BA8}.Debug|Any CPU.Build.0 = Debug|Any CPU
		{ACA63BF9-8C74-49FF-9593-1B2F8C004BA8}.Debug|ARM.ActiveCfg = Debug|Any CPU
		{ACA63BF9-8C74-49FF-9593-1B2F8C004BA8}.Debug|ARM.Build.0 = Debug|Any CPU
		{ACA63BF9-8C74-49FF-9593-1B2F8C004BA8}.Debug|iPhone.ActiveCfg = Debug|Any CPU
		{ACA63BF9-8C74-49FF-9593-1B2F8C004BA8}.Debug|iPhone.Build.0 = Debug|Any CPU
		{ACA63BF9-8C74-49FF-9593-1B2F8C004BA8}.Debug|iPhoneSimulator.ActiveCfg = Debug|Any CPU
		{ACA63BF9-8C74-49FF-9593-1B2F8C004BA8}.Debug|iPhoneSimulator.Build.0 = Debug|Any CPU
		{ACA63BF9-8C74-49FF-9593-1B2F8C004BA8}.Debug|x64.ActiveCfg = Debug|Any CPU
		{ACA63BF9-8C74-49FF-9593-1B2F8C004BA8}.Debug|x64.Build.0 = Debug|Any CPU
		{ACA63BF9-8C74-49FF-9593-1B2F8C004BA8}.Debug|x86.ActiveCfg = Debug|Any CPU
		{ACA63BF9-8C74-49FF-9593-1B2F8C004BA8}.Debug|x86.Build.0 = Debug|Any CPU
		{ACA63BF9-8C74-49FF-9593-1B2F8C004BA8}.Release|Any CPU.ActiveCfg = Release|Any CPU
		{ACA63BF9-8C74-49FF-9593-1B2F8C004BA8}.Release|Any CPU.Build.0 = Release|Any CPU
		{ACA63BF9-8C74-49FF-9593-1B2F8C004BA8}.Release|ARM.ActiveCfg = Release|Any CPU
		{ACA63BF9-8C74-49FF-9593-1B2F8C004BA8}.Release|ARM.Build.0 = Release|Any CPU
		{ACA63BF9-8C74-49FF-9593-1B2F8C004BA8}.Release|iPhone.ActiveCfg = Release|Any CPU
		{ACA63BF9-8C74-49FF-9593-1B2F8C004BA8}.Release|iPhone.Build.0 = Release|Any CPU
		{ACA63BF9-8C74-49FF-9593-1B2F8C004BA8}.Release|iPhoneSimulator.ActiveCfg = Release|Any CPU
		{ACA63BF9-8C74-49FF-9593-1B2F8C004BA8}.Release|iPhoneSimulator.Build.0 = Release|Any CPU
		{ACA63BF9-8C74-49FF-9593-1B2F8C004BA8}.Release|x64.ActiveCfg = Release|Any CPU
		{ACA63BF9-8C74-49FF-9593-1B2F8C004BA8}.Release|x64.Build.0 = Release|Any CPU
		{ACA63BF9-8C74-49FF-9593-1B2F8C004BA8}.Release|x86.ActiveCfg = Release|Any CPU
		{ACA63BF9-8C74-49FF-9593-1B2F8C004BA8}.Release|x86.Build.0 = Release|Any CPU
	EndGlobalSection
	GlobalSection(SolutionProperties) = preSolution
		HideSolutionNode = FALSE
	EndGlobalSection
	GlobalSection(ExtensibilityGlobals) = postSolution
		SolutionGuid = {4172A33E-E895-454B-A1A1-0444DB1226B1}
	EndGlobalSection
EndGlobal
